
Microsoft Visual Studio Solution File, Format Version 12.00
# Visual Studio Version 17
VisualStudioVersion = 17.4.33213.308
MinimumVisualStudioVersion = 10.0.40219.1
Project("{FAE04EC0-301F-11D3-BF4B-00C04F79EFBC}") = "WindowsFormsApp1", "WindowsFormsApp1.csproj", "{61774AFE-5305-4A62-9E64-B5F118D4BB23}"
EndProject
Global
	GlobalSection(SolutionConfigurationPlatforms) = preSolution
		Debug|Any CPU = Debug|Any CPU
		Release|Any CPU = Release|Any CPU
	EndGlobalSection
	GlobalSection(ProjectConfigurationPlatforms) = postSolution
		{61774AFE-5305-4A62-9E64-B5F118D4BB23}.Debug|Any CPU.ActiveCfg = Debug|Any CPU
		{61774AFE-5305-4A62-9E64-B5F118D4BB23}.Debug|Any CPU.Build.0 = Debug|Any CPU
		{61774AFE-5305-4A62-9E64-B5F118D4BB23}.Release|Any CPU.ActiveCfg = Release|Any CPU
		{61774AFE-5305-4A62-9E64-B5F118D4BB23}.Release|Any CPU.Build.0 = Release|Any CPU
	EndGlobalSection
	GlobalSection(SolutionProperties) = preSolution
		HideSolutionNode = FALSE
	EndGlobalSection
	GlobalSection(ExtensibilityGlobals) = postSolution
		SolutionGuid = {41B9CA83-F059-402A-A14D-3707AC3F4FF8}
	EndGlobalSection
EndGlobal
